
Microsoft Visual Studio Solution File, Format Version 12.00
# Visual Studio Version 17
VisualStudioVersion = 17.14.36811.4 d17.14
MinimumVisualStudioVersion = 10.0.40219.1
Project("{FAE04EC0-301F-11D3-BF4B-00C04F79EFBC}") = "ConsoleApp5", "ConsoleApp5\ConsoleApp5.csproj", "{074BF7B6-B0FE-4184-AC66-4E78B7DAA478}"
EndProject
Global
	GlobalSection(SolutionConfigurationPlatforms) = preSolution
		Debug|Any CPU = Debug|Any CPU
		Release|Any CPU = Release|Any CPU
	EndGlobalSection
	GlobalSection(ProjectConfigurationPlatforms) = postSolution
		{074BF7B6-B0FE-4184-AC66-4E78B7DAA478}.Debug|Any CPU.ActiveCfg = Debug|Any CPU
		{074BF7B6-B0FE-4184-AC66-4E78B7DAA478}.Debug|Any CPU.Build.0 = Debug|Any CPU
		{074BF7B6-B0FE-4184-AC66-4E78B7DAA478}.Release|Any CPU.ActiveCfg = Release|Any CPU
		{074BF7B6-B0FE-4184-AC66-4E78B7DAA478}.Release|Any CPU.Build.0 = Release|Any CPU
	EndGlobalSection
	GlobalSection(SolutionProperties) = preSolution
		HideSolutionNode = FALSE
	EndGlobalSection
	GlobalSection(ExtensibilityGlobals) = postSolution
		SolutionGuid = {D9F8F31F-90BF-4439-AFB3-799F5555FB49}
	EndGlobalSection
EndGlobal
