
Microsoft Visual Studio Solution File, Format Version 12.00
# Visual Studio Version 17
VisualStudioVersion = 17.14.36811.4 d17.14
MinimumVisualStudioVersion = 10.0.40219.1
Project("{FAE04EC0-301F-11D3-BF4B-00C04F79EFBC}") = "ConsoleApp5", "ConsoleApp5\ConsoleApp5.csproj", "{8E07A89D-E5B1-4C57-A4FC-354D908826DA}"
EndProject
Global
	GlobalSection(SolutionConfigurationPlatforms) = preSolution
		Debug|Any CPU = Debug|Any CPU
		Release|Any CPU = Release|Any CPU
	EndGlobalSection
	GlobalSection(ProjectConfigurationPlatforms) = postSolution
		{8E07A89D-E5B1-4C57-A4FC-354D908826DA}.Debug|Any CPU.ActiveCfg = Debug|Any CPU
		{8E07A89D-E5B1-4C57-A4FC-354D908826DA}.Debug|Any CPU.Build.0 = Debug|Any CPU
		{8E07A89D-E5B1-4C57-A4FC-354D908826DA}.Release|Any CPU.ActiveCfg = Release|Any CPU
		{8E07A89D-E5B1-4C57-A4FC-354D908826DA}.Release|Any CPU.Build.0 = Release|Any CPU
	EndGlobalSection
	GlobalSection(SolutionProperties) = preSolution
		HideSolutionNode = FALSE
	EndGlobalSection
	GlobalSection(ExtensibilityGlobals) = postSolution
		SolutionGuid = {ECD28DC4-EF2B-4606-B383-888C715A8C80}
	EndGlobalSection
EndGlobal
